{
  "name": "BLOG",
  "version": "1.0.0",
  "lockfileVersion": 1,
  "requires": true,
  "dependencies": {
    "@vuepress/plugin-medium-zoom": {
      "version": "1.0.0-rc.1",
      "resolved": "https://registry.npmjs.org/@vuepress/plugin-medium-zoom/-/plugin-medium-zoom-1.0.0-rc.1.tgz",
      "integrity": "sha512-yjMtzat6SUIsXHEjPn2xDYDqBdvRjJ9sZamBMAlodc95+P4BOce/VB6Q9VJeoCQ+Y7EW6hqisM8bQxluRWfbtA==",
      "dev": true,
      "requires": {
        "medium-zoom": "^0.4.0"
      }
    },
    "medium-zoom": {
      "version": "0.4.0",
      "resolved": "https://registry.npmjs.org/medium-zoom/-/medium-zoom-0.4.0.tgz",
      "integrity": "sha512-0z7yMfd6I1BTCAa8QaR4cp5AqDkQD571GzhHIbbfefKEssGLSvs+4Xai/itOAncm4FBlF5gUoMQ22yW9/f8Sig==",
      "dev": true
    }
  }
}
